
Microsoft Visual Studio Solution File, Format Version 12.00
# Visual Studio 15
VisualStudioVersion = 15.0.26124.0
MinimumVisualStudioVersion = 15.0.26124.0
Project("{2150E333-8FDC-42A3-9474-1A3956D46DE8}") = "audio", "audio", "{88663BB5-8BCF-4145-AF47-2E34CEB5C45D}"
EndProject
Project("{2150E333-8FDC-42A3-9474-1A3956D46DE8}") = "src", "src", "{BD822973-5C01-4F28-9479-FF4CC18693FD}"
EndProject
Project("{2150E333-8FDC-42A3-9474-1A3956D46DE8}") = "ContentReactor.Audio", "ContentReactor.Audio", "{F460AE54-66C1-44AD-9CC6-934BCAC0B99C}"
EndProject
Project("{FAE04EC0-301F-11D3-BF4B-00C04F79EFBC}") = "ContentReactor.Audio.Service", "Audio/Service/ContentReactor.Audio.Service.csproj", "{19AE336A-509E-4765-ACD7-9D1786907845}"
EndProject
Project("{FAE04EC0-301F-11D3-BF4B-00C04F79EFBC}") = "ContentReactor.Audio.Service.Tests", "Audio/Service.Tests/ContentReactor.Audio.Service.Tests.csproj", "{93D0A530-5365-43BC-9BD6-309D2FE4DBD9}"
EndProject
Project("{2150E333-8FDC-42A3-9474-1A3956D46DE8}") = "categories", "categories", "{4B8C357F-72E4-40D1-A886-36D75E358155}"
EndProject
Project("{2150E333-8FDC-42A3-9474-1A3956D46DE8}") = "src", "src", "{19537369-7B4F-4C83-9323-A3F73B0865E3}"
EndProject
Project("{2150E333-8FDC-42A3-9474-1A3956D46DE8}") = "ContentReactor.Categories", "ContentReactor.Categories", "{7A18EDC7-FC75-4740-8DB4-D259EBD55C0D}"
EndProject
Project("{FAE04EC0-301F-11D3-BF4B-00C04F79EFBC}") = "ContentReactor.Categories.Api", "categories\src\ContentReactor.Categories\ContentReactor.Categories.Api\ContentReactor.Categories.Api.csproj", "{2E127D57-64BD-450C-8440-5F5290B34A20}"
EndProject
Project("{FAE04EC0-301F-11D3-BF4B-00C04F79EFBC}") = "ContentReactor.Categories.Services", "categories\src\ContentReactor.Categories\ContentReactor.Categories.Services\ContentReactor.Categories.Services.csproj", "{C2B25175-DECA-45E0-B98C-E11EB133F08C}"
EndProject
Project("{FAE04EC0-301F-11D3-BF4B-00C04F79EFBC}") = "ContentReactor.Categories.Tests", "categories\src\ContentReactor.Categories\ContentReactor.Categories.Tests\ContentReactor.Categories.Tests.csproj", "{83DDE9AB-CE3D-4D57-B970-E3CE79854014}"
EndProject
Project("{FAE04EC0-301F-11D3-BF4B-00C04F79EFBC}") = "ContentReactor.Categories.WorkerApi", "categories\src\ContentReactor.Categories\ContentReactor.Categories.WorkerApi\ContentReactor.Categories.WorkerApi.csproj", "{417F1FB0-47E9-4BA3-B77B-5B3134329144}"
EndProject
Project("{2150E333-8FDC-42A3-9474-1A3956D46DE8}") = "health", "health", "{5A1D6E99-96CD-4C0B-8876-E0D563506F65}"
EndProject
Project("{2150E333-8FDC-42A3-9474-1A3956D46DE8}") = "src", "src", "{BD23608B-70A4-4829-8F73-FE6BA7CF7E45}"
EndProject
Project("{2150E333-8FDC-42A3-9474-1A3956D46DE8}") = "ContentReactor.Health", "ContentReactor.Health", "{4A01ED36-AE1E-4E55-9C49-4FF7FD8E954F}"
EndProject
Project("{FAE04EC0-301F-11D3-BF4B-00C04F79EFBC}") = "ContentReactor.Health.Api", "health\src\ContentReactor.Health\ContentReactor.Health.Api\ContentReactor.Health.Api.csproj", "{CF7AB70D-C786-4827-BED8-04003675F285}"
EndProject
Project("{FAE04EC0-301F-11D3-BF4B-00C04F79EFBC}") = "ContentReactor.Health.Services", "health\src\ContentReactor.Health\ContentReactor.Health.Services\ContentReactor.Health.Services.csproj", "{D2E3CD4A-E51F-4B20-ABF2-99C6ABE7E1EC}"
EndProject
Project("{FAE04EC0-301F-11D3-BF4B-00C04F79EFBC}") = "ContentReactor.Health.Services.Tests", "health\src\ContentReactor.Health\ContentReactor.Health.Services.Tests\ContentReactor.Health.Services.Tests.csproj", "{391D1847-6073-4292-B6A6-050DD29E79DF}"
EndProject
Project("{2150E333-8FDC-42A3-9474-1A3956D46DE8}") = "images", "images", "{7C0926A3-A971-4970-AEBF-EEC2D990916A}"
EndProject
Project("{2150E333-8FDC-42A3-9474-1A3956D46DE8}") = "src", "src", "{527F9262-3524-42C6-B737-B52E7E196166}"
EndProject
Project("{2150E333-8FDC-42A3-9474-1A3956D46DE8}") = "ContentReactor.Images", "ContentReactor.Images", "{5B1F8D38-8996-4FE3-AA2B-C0C177F524BA}"
EndProject
Project("{FAE04EC0-301F-11D3-BF4B-00C04F79EFBC}") = "ContentReactor.Images.Services.Tests", "images\src\ContentReactor.Images\ContentReactor.Images.Services.Tests\ContentReactor.Images.Services.Tests.csproj", "{38D09ADD-5A9B-4969-922A-3E3E7255EB7C}"
EndProject
Project("{FAE04EC0-301F-11D3-BF4B-00C04F79EFBC}") = "ContentReactor.Images.Services", "images\src\ContentReactor.Images\ContentReactor.Images.Services\ContentReactor.Images.Services.csproj", "{366DDEC2-C553-4BA8-84DB-B01E2C6A8A60}"
EndProject
Project("{FAE04EC0-301F-11D3-BF4B-00C04F79EFBC}") = "ContentReactor.Images.Api", "images\src\ContentReactor.Images\ContentReactor.Images.Api\ContentReactor.Images.Api.csproj", "{0453C9A9-7756-4383-BBDA-DA4D4C7586FE}"
EndProject
Project("{FAE04EC0-301F-11D3-BF4B-00C04F79EFBC}") = "ContentReactor.Images.WorkerApi", "images\src\ContentReactor.Images\ContentReactor.Images.WorkerApi\ContentReactor.Images.WorkerApi.csproj", "{0848A2AF-0A37-4C80-8D51-89B60F57D6F0}"
EndProject
Project("{2150E333-8FDC-42A3-9474-1A3956D46DE8}") = "shared", "shared", "{C86E08BE-B513-4566-913D-2BCB2C466811}"
EndProject
Project("{2150E333-8FDC-42A3-9474-1A3956D46DE8}") = "src", "src", "{4629F1C6-29F5-4E4F-954D-00612B74DB06}"
EndProject
Project("{FAE04EC0-301F-11D3-BF4B-00C04F79EFBC}") = "ContentReactor.Common", "common\src\ContentReactor.Common\ContentReactor.Common.csproj", "{76170813-BD56-4867-9569-7DCB60094867}"
EndProject
Project("{FAE04EC0-301F-11D3-BF4B-00C04F79EFBC}") = "ContentReactor.Common.Tests", "common\src\ContentReactor.Common.Tests\ContentReactor.Common.Tests.csproj", "{5ABAC7A8-5A8B-4289-A526-B86BA08827CB}"
EndProject
Project("{FAE04EC0-301F-11D3-BF4B-00C04F79EFBC}") = "ContentReactor.Tests.FakeBlobRepository", "common\src\ContentReactor.Tests.FakeBlobRepository\ContentReactor.Tests.FakeBlobRepository.csproj", "{7AECC0EA-2AB8-41DF-87DC-34F9250ACDCC}"
EndProject
Project("{2150E333-8FDC-42A3-9474-1A3956D46DE8}") = "text", "text", "{D9563951-A7D3-4F66-8F5A-C3C4E82EDE37}"
EndProject
Project("{2150E333-8FDC-42A3-9474-1A3956D46DE8}") = "src", "src", "{70719E21-E273-411D-AFFE-ECECCB7ACDDC}"
EndProject
Project("{2150E333-8FDC-42A3-9474-1A3956D46DE8}") = "ContentReactor.Text", "ContentReactor.Text", "{09BFB17C-16AF-4C04-9D53-0B3DFC91CBE0}"
EndProject
Project("{FAE04EC0-301F-11D3-BF4B-00C04F79EFBC}") = "ContentReactor.Text.Api", "text\src\ContentReactor.Text\ContentReactor.Text.Api\ContentReactor.Text.Api.csproj", "{BDD407B3-7D3A-4230-A52E-873BE8AB2E2C}"
EndProject
Project("{FAE04EC0-301F-11D3-BF4B-00C04F79EFBC}") = "ContentReactor.Text.Services", "text\src\ContentReactor.Text\ContentReactor.Text.Services\ContentReactor.Text.Services.csproj", "{5784587B-6916-40F0-A3E2-808EA54502EF}"
EndProject
Project("{FAE04EC0-301F-11D3-BF4B-00C04F79EFBC}") = "ContentReactor.Text.Services.Tests", "text\src\ContentReactor.Text\ContentReactor.Text.Services.Tests\ContentReactor.Text.Services.Tests.csproj", "{D68E05BB-9F8C-4C5A-8EB4-F9B988C16AEE}"
EndProject
Project("{2150E333-8FDC-42A3-9474-1A3956D46DE8}") = "web", "web", "{BD59E48D-B654-4148-9851-F190E620CB9D}"
EndProject
Project("{2150E333-8FDC-42A3-9474-1A3956D46DE8}") = "src", "src", "{A9C8EE4D-681E-4838-89BB-CC18A2BBFC44}"
EndProject
Project("{2150E333-8FDC-42A3-9474-1A3956D46DE8}") = "ContentReactor.Web", "ContentReactor.Web", "{423633BE-5B02-476F-B5A9-7AD4B3A0F05E}"
EndProject
Project("{FAE04EC0-301F-11D3-BF4B-00C04F79EFBC}") = "ContentReactor.Web.Server", "web\src\ContentReactor.Web\ContentReactor.Web.Server\ContentReactor.Web.Server.csproj", "{FF0B23A6-5088-41FE-8043-950125EFA92D}"
EndProject
Project("{FAE04EC0-301F-11D3-BF4B-00C04F79EFBC}") = "ContentReactor.Web.Tests", "web\src\ContentReactor.Web\ContentReactor.Web.Tests\ContentReactor.Web.Tests.csproj", "{CCE9AF13-F029-484F-8FCF-B7F4CDA480A1}"
EndProject
Global
	GlobalSection(SolutionConfigurationPlatforms) = preSolution
		Debug|Any CPU = Debug|Any CPU
		Debug|x64 = Debug|x64
		Debug|x86 = Debug|x86
		Release|Any CPU = Release|Any CPU
		Release|x64 = Release|x64
		Release|x86 = Release|x86
	EndGlobalSection
	GlobalSection(SolutionProperties) = preSolution
		HideSolutionNode = FALSE
	EndGlobalSection
	GlobalSection(ProjectConfigurationPlatforms) = postSolution
		{19AE336A-509E-4765-ACD7-9D1786907845}.Debug|Any CPU.ActiveCfg = Debug|Any CPU
		{19AE336A-509E-4765-ACD7-9D1786907845}.Debug|Any CPU.Build.0 = Debug|Any CPU
		{19AE336A-509E-4765-ACD7-9D1786907845}.Debug|x64.ActiveCfg = Debug|Any CPU
		{19AE336A-509E-4765-ACD7-9D1786907845}.Debug|x64.Build.0 = Debug|Any CPU
		{19AE336A-509E-4765-ACD7-9D1786907845}.Debug|x86.ActiveCfg = Debug|Any CPU
		{19AE336A-509E-4765-ACD7-9D1786907845}.Debug|x86.Build.0 = Debug|Any CPU
		{19AE336A-509E-4765-ACD7-9D1786907845}.Release|Any CPU.ActiveCfg = Release|Any CPU
		{19AE336A-509E-4765-ACD7-9D1786907845}.Release|Any CPU.Build.0 = Release|Any CPU
		{19AE336A-509E-4765-ACD7-9D1786907845}.Release|x64.ActiveCfg = Release|Any CPU
		{19AE336A-509E-4765-ACD7-9D1786907845}.Release|x64.Build.0 = Release|Any CPU
		{19AE336A-509E-4765-ACD7-9D1786907845}.Release|x86.ActiveCfg = Release|Any CPU
		{19AE336A-509E-4765-ACD7-9D1786907845}.Release|x86.Build.0 = Release|Any CPU
		{93D0A530-5365-43BC-9BD6-309D2FE4DBD9}.Debug|Any CPU.ActiveCfg = Debug|Any CPU
		{93D0A530-5365-43BC-9BD6-309D2FE4DBD9}.Debug|Any CPU.Build.0 = Debug|Any CPU
		{93D0A530-5365-43BC-9BD6-309D2FE4DBD9}.Debug|x64.ActiveCfg = Debug|Any CPU
		{93D0A530-5365-43BC-9BD6-309D2FE4DBD9}.Debug|x64.Build.0 = Debug|Any CPU
		{93D0A530-5365-43BC-9BD6-309D2FE4DBD9}.Debug|x86.ActiveCfg = Debug|Any CPU
		{93D0A530-5365-43BC-9BD6-309D2FE4DBD9}.Debug|x86.Build.0 = Debug|Any CPU
		{93D0A530-5365-43BC-9BD6-309D2FE4DBD9}.Release|Any CPU.ActiveCfg = Release|Any CPU
		{93D0A530-5365-43BC-9BD6-309D2FE4DBD9}.Release|Any CPU.Build.0 = Release|Any CPU
		{93D0A530-5365-43BC-9BD6-309D2FE4DBD9}.Release|x64.ActiveCfg = Release|Any CPU
		{93D0A530-5365-43BC-9BD6-309D2FE4DBD9}.Release|x64.Build.0 = Release|Any CPU
		{93D0A530-5365-43BC-9BD6-309D2FE4DBD9}.Release|x86.ActiveCfg = Release|Any CPU
		{93D0A530-5365-43BC-9BD6-309D2FE4DBD9}.Release|x86.Build.0 = Release|Any CPU
		{5EBFB39D-D691-4D32-B69E-9059EA25B0FE}.Debug|Any CPU.ActiveCfg = Debug|Any CPU
		{5EBFB39D-D691-4D32-B69E-9059EA25B0FE}.Debug|Any CPU.Build.0 = Debug|Any CPU
		{5EBFB39D-D691-4D32-B69E-9059EA25B0FE}.Debug|x64.ActiveCfg = Debug|Any CPU
		{5EBFB39D-D691-4D32-B69E-9059EA25B0FE}.Debug|x64.Build.0 = Debug|Any CPU
		{5EBFB39D-D691-4D32-B69E-9059EA25B0FE}.Debug|x86.ActiveCfg = Debug|Any CPU
		{5EBFB39D-D691-4D32-B69E-9059EA25B0FE}.Debug|x86.Build.0 = Debug|Any CPU
		{5EBFB39D-D691-4D32-B69E-9059EA25B0FE}.Release|Any CPU.ActiveCfg = Release|Any CPU
		{5EBFB39D-D691-4D32-B69E-9059EA25B0FE}.Release|Any CPU.Build.0 = Release|Any CPU
		{5EBFB39D-D691-4D32-B69E-9059EA25B0FE}.Release|x64.ActiveCfg = Release|Any CPU
		{5EBFB39D-D691-4D32-B69E-9059EA25B0FE}.Release|x64.Build.0 = Release|Any CPU
		{5EBFB39D-D691-4D32-B69E-9059EA25B0FE}.Release|x86.ActiveCfg = Release|Any CPU
		{5EBFB39D-D691-4D32-B69E-9059EA25B0FE}.Release|x86.Build.0 = Release|Any CPU
		{7FC87B7D-700B-4B79-A02B-A24C76307A57}.Debug|Any CPU.ActiveCfg = Debug|Any CPU
		{7FC87B7D-700B-4B79-A02B-A24C76307A57}.Debug|Any CPU.Build.0 = Debug|Any CPU
		{7FC87B7D-700B-4B79-A02B-A24C76307A57}.Debug|x64.ActiveCfg = Debug|Any CPU
		{7FC87B7D-700B-4B79-A02B-A24C76307A57}.Debug|x64.Build.0 = Debug|Any CPU
		{7FC87B7D-700B-4B79-A02B-A24C76307A57}.Debug|x86.ActiveCfg = Debug|Any CPU
		{7FC87B7D-700B-4B79-A02B-A24C76307A57}.Debug|x86.Build.0 = Debug|Any CPU
		{7FC87B7D-700B-4B79-A02B-A24C76307A57}.Release|Any CPU.ActiveCfg = Release|Any CPU
		{7FC87B7D-700B-4B79-A02B-A24C76307A57}.Release|Any CPU.Build.0 = Release|Any CPU
		{7FC87B7D-700B-4B79-A02B-A24C76307A57}.Release|x64.ActiveCfg = Release|Any CPU
		{7FC87B7D-700B-4B79-A02B-A24C76307A57}.Release|x64.Build.0 = Release|Any CPU
		{7FC87B7D-700B-4B79-A02B-A24C76307A57}.Release|x86.ActiveCfg = Release|Any CPU
		{7FC87B7D-700B-4B79-A02B-A24C76307A57}.Release|x86.Build.0 = Release|Any CPU
		{2E127D57-64BD-450C-8440-5F5290B34A20}.Debug|Any CPU.ActiveCfg = Debug|Any CPU
		{2E127D57-64BD-450C-8440-5F5290B34A20}.Debug|Any CPU.Build.0 = Debug|Any CPU
		{2E127D57-64BD-450C-8440-5F5290B34A20}.Debug|x64.ActiveCfg = Debug|Any CPU
		{2E127D57-64BD-450C-8440-5F5290B34A20}.Debug|x64.Build.0 = Debug|Any CPU
		{2E127D57-64BD-450C-8440-5F5290B34A20}.Debug|x86.ActiveCfg = Debug|Any CPU
		{2E127D57-64BD-450C-8440-5F5290B34A20}.Debug|x86.Build.0 = Debug|Any CPU
		{2E127D57-64BD-450C-8440-5F5290B34A20}.Release|Any CPU.ActiveCfg = Release|Any CPU
		{2E127D57-64BD-450C-8440-5F5290B34A20}.Release|Any CPU.Build.0 = Release|Any CPU
		{2E127D57-64BD-450C-8440-5F5290B34A20}.Release|x64.ActiveCfg = Release|Any CPU
		{2E127D57-64BD-450C-8440-5F5290B34A20}.Release|x64.Build.0 = Release|Any CPU
		{2E127D57-64BD-450C-8440-5F5290B34A20}.Release|x86.ActiveCfg = Release|Any CPU
		{2E127D57-64BD-450C-8440-5F5290B34A20}.Release|x86.Build.0 = Release|Any CPU
		{C2B25175-DECA-45E0-B98C-E11EB133F08C}.Debug|Any CPU.ActiveCfg = Debug|Any CPU
		{C2B25175-DECA-45E0-B98C-E11EB133F08C}.Debug|Any CPU.Build.0 = Debug|Any CPU
		{C2B25175-DECA-45E0-B98C-E11EB133F08C}.Debug|x64.ActiveCfg = Debug|Any CPU
		{C2B25175-DECA-45E0-B98C-E11EB133F08C}.Debug|x64.Build.0 = Debug|Any CPU
		{C2B25175-DECA-45E0-B98C-E11EB133F08C}.Debug|x86.ActiveCfg = Debug|Any CPU
		{C2B25175-DECA-45E0-B98C-E11EB133F08C}.Debug|x86.Build.0 = Debug|Any CPU
		{C2B25175-DECA-45E0-B98C-E11EB133F08C}.Release|Any CPU.ActiveCfg = Release|Any CPU
		{C2B25175-DECA-45E0-B98C-E11EB133F08C}.Release|Any CPU.Build.0 = Release|Any CPU
		{C2B25175-DECA-45E0-B98C-E11EB133F08C}.Release|x64.ActiveCfg = Release|Any CPU
		{C2B25175-DECA-45E0-B98C-E11EB133F08C}.Release|x64.Build.0 = Release|Any CPU
		{C2B25175-DECA-45E0-B98C-E11EB133F08C}.Release|x86.ActiveCfg = Release|Any CPU
		{C2B25175-DECA-45E0-B98C-E11EB133F08C}.Release|x86.Build.0 = Release|Any CPU
		{83DDE9AB-CE3D-4D57-B970-E3CE79854014}.Debug|Any CPU.ActiveCfg = Debug|Any CPU
		{83DDE9AB-CE3D-4D57-B970-E3CE79854014}.Debug|Any CPU.Build.0 = Debug|Any CPU
		{83DDE9AB-CE3D-4D57-B970-E3CE79854014}.Debug|x64.ActiveCfg = Debug|Any CPU
		{83DDE9AB-CE3D-4D57-B970-E3CE79854014}.Debug|x64.Build.0 = Debug|Any CPU
		{83DDE9AB-CE3D-4D57-B970-E3CE79854014}.Debug|x86.ActiveCfg = Debug|Any CPU
		{83DDE9AB-CE3D-4D57-B970-E3CE79854014}.Debug|x86.Build.0 = Debug|Any CPU
		{83DDE9AB-CE3D-4D57-B970-E3CE79854014}.Release|Any CPU.ActiveCfg = Release|Any CPU
		{83DDE9AB-CE3D-4D57-B970-E3CE79854014}.Release|Any CPU.Build.0 = Release|Any CPU
		{83DDE9AB-CE3D-4D57-B970-E3CE79854014}.Release|x64.ActiveCfg = Release|Any CPU
		{83DDE9AB-CE3D-4D57-B970-E3CE79854014}.Release|x64.Build.0 = Release|Any CPU
		{83DDE9AB-CE3D-4D57-B970-E3CE79854014}.Release|x86.ActiveCfg = Release|Any CPU
		{83DDE9AB-CE3D-4D57-B970-E3CE79854014}.Release|x86.Build.0 = Release|Any CPU
		{417F1FB0-47E9-4BA3-B77B-5B3134329144}.Debug|Any CPU.ActiveCfg = Debug|Any CPU
		{417F1FB0-47E9-4BA3-B77B-5B3134329144}.Debug|Any CPU.Build.0 = Debug|Any CPU
		{417F1FB0-47E9-4BA3-B77B-5B3134329144}.Debug|x64.ActiveCfg = Debug|Any CPU
		{417F1FB0-47E9-4BA3-B77B-5B3134329144}.Debug|x64.Build.0 = Debug|Any CPU
		{417F1FB0-47E9-4BA3-B77B-5B3134329144}.Debug|x86.ActiveCfg = Debug|Any CPU
		{417F1FB0-47E9-4BA3-B77B-5B3134329144}.Debug|x86.Build.0 = Debug|Any CPU
		{417F1FB0-47E9-4BA3-B77B-5B3134329144}.Release|Any CPU.ActiveCfg = Release|Any CPU
		{417F1FB0-47E9-4BA3-B77B-5B3134329144}.Release|Any CPU.Build.0 = Release|Any CPU
		{417F1FB0-47E9-4BA3-B77B-5B3134329144}.Release|x64.ActiveCfg = Release|Any CPU
		{417F1FB0-47E9-4BA3-B77B-5B3134329144}.Release|x64.Build.0 = Release|Any CPU
		{417F1FB0-47E9-4BA3-B77B-5B3134329144}.Release|x86.ActiveCfg = Release|Any CPU
		{417F1FB0-47E9-4BA3-B77B-5B3134329144}.Release|x86.Build.0 = Release|Any CPU
		{CF7AB70D-C786-4827-BED8-04003675F285}.Debug|Any CPU.ActiveCfg = Debug|Any CPU
		{CF7AB70D-C786-4827-BED8-04003675F285}.Debug|Any CPU.Build.0 = Debug|Any CPU
		{CF7AB70D-C786-4827-BED8-04003675F285}.Debug|x64.ActiveCfg = Debug|Any CPU
		{CF7AB70D-C786-4827-BED8-04003675F285}.Debug|x64.Build.0 = Debug|Any CPU
		{CF7AB70D-C786-4827-BED8-04003675F285}.Debug|x86.ActiveCfg = Debug|Any CPU
		{CF7AB70D-C786-4827-BED8-04003675F285}.Debug|x86.Build.0 = Debug|Any CPU
		{CF7AB70D-C786-4827-BED8-04003675F285}.Release|Any CPU.ActiveCfg = Release|Any CPU
		{CF7AB70D-C786-4827-BED8-04003675F285}.Release|Any CPU.Build.0 = Release|Any CPU
		{CF7AB70D-C786-4827-BED8-04003675F285}.Release|x64.ActiveCfg = Release|Any CPU
		{CF7AB70D-C786-4827-BED8-04003675F285}.Release|x64.Build.0 = Release|Any CPU
		{CF7AB70D-C786-4827-BED8-04003675F285}.Release|x86.ActiveCfg = Release|Any CPU
		{CF7AB70D-C786-4827-BED8-04003675F285}.Release|x86.Build.0 = Release|Any CPU
		{D2E3CD4A-E51F-4B20-ABF2-99C6ABE7E1EC}.Debug|Any CPU.ActiveCfg = Debug|Any CPU
		{D2E3CD4A-E51F-4B20-ABF2-99C6ABE7E1EC}.Debug|Any CPU.Build.0 = Debug|Any CPU
		{D2E3CD4A-E51F-4B20-ABF2-99C6ABE7E1EC}.Debug|x64.ActiveCfg = Debug|Any CPU
		{D2E3CD4A-E51F-4B20-ABF2-99C6ABE7E1EC}.Debug|x64.Build.0 = Debug|Any CPU
		{D2E3CD4A-E51F-4B20-ABF2-99C6ABE7E1EC}.Debug|x86.ActiveCfg = Debug|Any CPU
		{D2E3CD4A-E51F-4B20-ABF2-99C6ABE7E1EC}.Debug|x86.Build.0 = Debug|Any CPU
		{D2E3CD4A-E51F-4B20-ABF2-99C6ABE7E1EC}.Release|Any CPU.ActiveCfg = Release|Any CPU
		{D2E3CD4A-E51F-4B20-ABF2-99C6ABE7E1EC}.Release|Any CPU.Build.0 = Release|Any CPU
		{D2E3CD4A-E51F-4B20-ABF2-99C6ABE7E1EC}.Release|x64.ActiveCfg = Release|Any CPU
		{D2E3CD4A-E51F-4B20-ABF2-99C6ABE7E1EC}.Release|x64.Build.0 = Release|Any CPU
		{D2E3CD4A-E51F-4B20-ABF2-99C6ABE7E1EC}.Release|x86.ActiveCfg = Release|Any CPU
		{D2E3CD4A-E51F-4B20-ABF2-99C6ABE7E1EC}.Release|x86.Build.0 = Release|Any CPU
		{391D1847-6073-4292-B6A6-050DD29E79DF}.Debug|Any CPU.ActiveCfg = Debug|Any CPU
		{391D1847-6073-4292-B6A6-050DD29E79DF}.Debug|Any CPU.Build.0 = Debug|Any CPU
		{391D1847-6073-4292-B6A6-050DD29E79DF}.Debug|x64.ActiveCfg = Debug|Any CPU
		{391D1847-6073-4292-B6A6-050DD29E79DF}.Debug|x64.Build.0 = Debug|Any CPU
		{391D1847-6073-4292-B6A6-050DD29E79DF}.Debug|x86.ActiveCfg = Debug|Any CPU
		{391D1847-6073-4292-B6A6-050DD29E79DF}.Debug|x86.Build.0 = Debug|Any CPU
		{391D1847-6073-4292-B6A6-050DD29E79DF}.Release|Any CPU.ActiveCfg = Release|Any CPU
		{391D1847-6073-4292-B6A6-050DD29E79DF}.Release|Any CPU.Build.0 = Release|Any CPU
		{391D1847-6073-4292-B6A6-050DD29E79DF}.Release|x64.ActiveCfg = Release|Any CPU
		{391D1847-6073-4292-B6A6-050DD29E79DF}.Release|x64.Build.0 = Release|Any CPU
		{391D1847-6073-4292-B6A6-050DD29E79DF}.Release|x86.ActiveCfg = Release|Any CPU
		{391D1847-6073-4292-B6A6-050DD29E79DF}.Release|x86.Build.0 = Release|Any CPU
		{38D09ADD-5A9B-4969-922A-3E3E7255EB7C}.Debug|Any CPU.ActiveCfg = Debug|Any CPU
		{38D09ADD-5A9B-4969-922A-3E3E7255EB7C}.Debug|Any CPU.Build.0 = Debug|Any CPU
		{38D09ADD-5A9B-4969-922A-3E3E7255EB7C}.Debug|x64.ActiveCfg = Debug|Any CPU
		{38D09ADD-5A9B-4969-922A-3E3E7255EB7C}.Debug|x64.Build.0 = Debug|Any CPU
		{38D09ADD-5A9B-4969-922A-3E3E7255EB7C}.Debug|x86.ActiveCfg = Debug|Any CPU
		{38D09ADD-5A9B-4969-922A-3E3E7255EB7C}.Debug|x86.Build.0 = Debug|Any CPU
		{38D09ADD-5A9B-4969-922A-3E3E7255EB7C}.Release|Any CPU.ActiveCfg = Release|Any CPU
		{38D09ADD-5A9B-4969-922A-3E3E7255EB7C}.Release|Any CPU.Build.0 = Release|Any CPU
		{38D09ADD-5A9B-4969-922A-3E3E7255EB7C}.Release|x64.ActiveCfg = Release|Any CPU
		{38D09ADD-5A9B-4969-922A-3E3E7255EB7C}.Release|x64.Build.0 = Release|Any CPU
		{38D09ADD-5A9B-4969-922A-3E3E7255EB7C}.Release|x86.ActiveCfg = Release|Any CPU
		{38D09ADD-5A9B-4969-922A-3E3E7255EB7C}.Release|x86.Build.0 = Release|Any CPU
		{366DDEC2-C553-4BA8-84DB-B01E2C6A8A60}.Debug|Any CPU.ActiveCfg = Debug|Any CPU
		{366DDEC2-C553-4BA8-84DB-B01E2C6A8A60}.Debug|Any CPU.Build.0 = Debug|Any CPU
		{366DDEC2-C553-4BA8-84DB-B01E2C6A8A60}.Debug|x64.ActiveCfg = Debug|Any CPU
		{366DDEC2-C553-4BA8-84DB-B01E2C6A8A60}.Debug|x64.Build.0 = Debug|Any CPU
		{366DDEC2-C553-4BA8-84DB-B01E2C6A8A60}.Debug|x86.ActiveCfg = Debug|Any CPU
		{366DDEC2-C553-4BA8-84DB-B01E2C6A8A60}.Debug|x86.Build.0 = Debug|Any CPU
		{366DDEC2-C553-4BA8-84DB-B01E2C6A8A60}.Release|Any CPU.ActiveCfg = Release|Any CPU
		{366DDEC2-C553-4BA8-84DB-B01E2C6A8A60}.Release|Any CPU.Build.0 = Release|Any CPU
		{366DDEC2-C553-4BA8-84DB-B01E2C6A8A60}.Release|x64.ActiveCfg = Release|Any CPU
		{366DDEC2-C553-4BA8-84DB-B01E2C6A8A60}.Release|x64.Build.0 = Release|Any CPU
		{366DDEC2-C553-4BA8-84DB-B01E2C6A8A60}.Release|x86.ActiveCfg = Release|Any CPU
		{366DDEC2-C553-4BA8-84DB-B01E2C6A8A60}.Release|x86.Build.0 = Release|Any CPU
		{0453C9A9-7756-4383-BBDA-DA4D4C7586FE}.Debug|Any CPU.ActiveCfg = Debug|Any CPU
		{0453C9A9-7756-4383-BBDA-DA4D4C7586FE}.Debug|Any CPU.Build.0 = Debug|Any CPU
		{0453C9A9-7756-4383-BBDA-DA4D4C7586FE}.Debug|x64.ActiveCfg = Debug|Any CPU
		{0453C9A9-7756-4383-BBDA-DA4D4C7586FE}.Debug|x64.Build.0 = Debug|Any CPU
		{0453C9A9-7756-4383-BBDA-DA4D4C7586FE}.Debug|x86.ActiveCfg = Debug|Any CPU
		{0453C9A9-7756-4383-BBDA-DA4D4C7586FE}.Debug|x86.Build.0 = Debug|Any CPU
		{0453C9A9-7756-4383-BBDA-DA4D4C7586FE}.Release|Any CPU.ActiveCfg = Release|Any CPU
		{0453C9A9-7756-4383-BBDA-DA4D4C7586FE}.Release|Any CPU.Build.0 = Release|Any CPU
		{0453C9A9-7756-4383-BBDA-DA4D4C7586FE}.Release|x64.ActiveCfg = Release|Any CPU
		{0453C9A9-7756-4383-BBDA-DA4D4C7586FE}.Release|x64.Build.0 = Release|Any CPU
		{0453C9A9-7756-4383-BBDA-DA4D4C7586FE}.Release|x86.ActiveCfg = Release|Any CPU
		{0453C9A9-7756-4383-BBDA-DA4D4C7586FE}.Release|x86.Build.0 = Release|Any CPU
		{0848A2AF-0A37-4C80-8D51-89B60F57D6F0}.Debug|Any CPU.ActiveCfg = Debug|Any CPU
		{0848A2AF-0A37-4C80-8D51-89B60F57D6F0}.Debug|Any CPU.Build.0 = Debug|Any CPU
		{0848A2AF-0A37-4C80-8D51-89B60F57D6F0}.Debug|x64.ActiveCfg = Debug|Any CPU
		{0848A2AF-0A37-4C80-8D51-89B60F57D6F0}.Debug|x64.Build.0 = Debug|Any CPU
		{0848A2AF-0A37-4C80-8D51-89B60F57D6F0}.Debug|x86.ActiveCfg = Debug|Any CPU
		{0848A2AF-0A37-4C80-8D51-89B60F57D6F0}.Debug|x86.Build.0 = Debug|Any CPU
		{0848A2AF-0A37-4C80-8D51-89B60F57D6F0}.Release|Any CPU.ActiveCfg = Release|Any CPU
		{0848A2AF-0A37-4C80-8D51-89B60F57D6F0}.Release|Any CPU.Build.0 = Release|Any CPU
		{0848A2AF-0A37-4C80-8D51-89B60F57D6F0}.Release|x64.ActiveCfg = Release|Any CPU
		{0848A2AF-0A37-4C80-8D51-89B60F57D6F0}.Release|x64.Build.0 = Release|Any CPU
		{0848A2AF-0A37-4C80-8D51-89B60F57D6F0}.Release|x86.ActiveCfg = Release|Any CPU
		{0848A2AF-0A37-4C80-8D51-89B60F57D6F0}.Release|x86.Build.0 = Release|Any CPU
		{76170813-BD56-4867-9569-7DCB60094867}.Debug|Any CPU.ActiveCfg = Debug|Any CPU
		{76170813-BD56-4867-9569-7DCB60094867}.Debug|Any CPU.Build.0 = Debug|Any CPU
		{76170813-BD56-4867-9569-7DCB60094867}.Debug|x64.ActiveCfg = Debug|Any CPU
		{76170813-BD56-4867-9569-7DCB60094867}.Debug|x64.Build.0 = Debug|Any CPU
		{76170813-BD56-4867-9569-7DCB60094867}.Debug|x86.ActiveCfg = Debug|Any CPU
		{76170813-BD56-4867-9569-7DCB60094867}.Debug|x86.Build.0 = Debug|Any CPU
		{76170813-BD56-4867-9569-7DCB60094867}.Release|Any CPU.ActiveCfg = Release|Any CPU
		{76170813-BD56-4867-9569-7DCB60094867}.Release|Any CPU.Build.0 = Release|Any CPU
		{76170813-BD56-4867-9569-7DCB60094867}.Release|x64.ActiveCfg = Release|Any CPU
		{76170813-BD56-4867-9569-7DCB60094867}.Release|x64.Build.0 = Release|Any CPU
		{76170813-BD56-4867-9569-7DCB60094867}.Release|x86.ActiveCfg = Release|Any CPU
		{76170813-BD56-4867-9569-7DCB60094867}.Release|x86.Build.0 = Release|Any CPU
		{5ABAC7A8-5A8B-4289-A526-B86BA08827CB}.Debug|Any CPU.ActiveCfg = Debug|Any CPU
		{5ABAC7A8-5A8B-4289-A526-B86BA08827CB}.Debug|Any CPU.Build.0 = Debug|Any CPU
		{5ABAC7A8-5A8B-4289-A526-B86BA08827CB}.Debug|x64.ActiveCfg = Debug|Any CPU
		{5ABAC7A8-5A8B-4289-A526-B86BA08827CB}.Debug|x64.Build.0 = Debug|Any CPU
		{5ABAC7A8-5A8B-4289-A526-B86BA08827CB}.Debug|x86.ActiveCfg = Debug|Any CPU
		{5ABAC7A8-5A8B-4289-A526-B86BA08827CB}.Debug|x86.Build.0 = Debug|Any CPU
		{5ABAC7A8-5A8B-4289-A526-B86BA08827CB}.Release|Any CPU.ActiveCfg = Release|Any CPU
		{5ABAC7A8-5A8B-4289-A526-B86BA08827CB}.Release|Any CPU.Build.0 = Release|Any CPU
		{5ABAC7A8-5A8B-4289-A526-B86BA08827CB}.Release|x64.ActiveCfg = Release|Any CPU
		{5ABAC7A8-5A8B-4289-A526-B86BA08827CB}.Release|x64.Build.0 = Release|Any CPU
		{5ABAC7A8-5A8B-4289-A526-B86BA08827CB}.Release|x86.ActiveCfg = Release|Any CPU
		{5ABAC7A8-5A8B-4289-A526-B86BA08827CB}.Release|x86.Build.0 = Release|Any CPU
		{7AECC0EA-2AB8-41DF-87DC-34F9250ACDCC}.Debug|Any CPU.ActiveCfg = Debug|Any CPU
		{7AECC0EA-2AB8-41DF-87DC-34F9250ACDCC}.Debug|Any CPU.Build.0 = Debug|Any CPU
		{7AECC0EA-2AB8-41DF-87DC-34F9250ACDCC}.Debug|x64.ActiveCfg = Debug|Any CPU
		{7AECC0EA-2AB8-41DF-87DC-34F9250ACDCC}.Debug|x64.Build.0 = Debug|Any CPU
		{7AECC0EA-2AB8-41DF-87DC-34F9250ACDCC}.Debug|x86.ActiveCfg = Debug|Any CPU
		{7AECC0EA-2AB8-41DF-87DC-34F9250ACDCC}.Debug|x86.Build.0 = Debug|Any CPU
		{7AECC0EA-2AB8-41DF-87DC-34F9250ACDCC}.Release|Any CPU.ActiveCfg = Release|Any CPU
		{7AECC0EA-2AB8-41DF-87DC-34F9250ACDCC}.Release|Any CPU.Build.0 = Release|Any CPU
		{7AECC0EA-2AB8-41DF-87DC-34F9250ACDCC}.Release|x64.ActiveCfg = Release|Any CPU
		{7AECC0EA-2AB8-41DF-87DC-34F9250ACDCC}.Release|x64.Build.0 = Release|Any CPU
		{7AECC0EA-2AB8-41DF-87DC-34F9250ACDCC}.Release|x86.ActiveCfg = Release|Any CPU
		{7AECC0EA-2AB8-41DF-87DC-34F9250ACDCC}.Release|x86.Build.0 = Release|Any CPU
		{BDD407B3-7D3A-4230-A52E-873BE8AB2E2C}.Debug|Any CPU.ActiveCfg = Debug|Any CPU
		{BDD407B3-7D3A-4230-A52E-873BE8AB2E2C}.Debug|Any CPU.Build.0 = Debug|Any CPU
		{BDD407B3-7D3A-4230-A52E-873BE8AB2E2C}.Debug|x64.ActiveCfg = Debug|Any CPU
		{BDD407B3-7D3A-4230-A52E-873BE8AB2E2C}.Debug|x64.Build.0 = Debug|Any CPU
		{BDD407B3-7D3A-4230-A52E-873BE8AB2E2C}.Debug|x86.ActiveCfg = Debug|Any CPU
		{BDD407B3-7D3A-4230-A52E-873BE8AB2E2C}.Debug|x86.Build.0 = Debug|Any CPU
		{BDD407B3-7D3A-4230-A52E-873BE8AB2E2C}.Release|Any CPU.ActiveCfg = Release|Any CPU
		{BDD407B3-7D3A-4230-A52E-873BE8AB2E2C}.Release|Any CPU.Build.0 = Release|Any CPU
		{BDD407B3-7D3A-4230-A52E-873BE8AB2E2C}.Release|x64.ActiveCfg = Release|Any CPU
		{BDD407B3-7D3A-4230-A52E-873BE8AB2E2C}.Release|x64.Build.0 = Release|Any CPU
		{BDD407B3-7D3A-4230-A52E-873BE8AB2E2C}.Release|x86.ActiveCfg = Release|Any CPU
		{BDD407B3-7D3A-4230-A52E-873BE8AB2E2C}.Release|x86.Build.0 = Release|Any CPU
		{5784587B-6916-40F0-A3E2-808EA54502EF}.Debug|Any CPU.ActiveCfg = Debug|Any CPU
		{5784587B-6916-40F0-A3E2-808EA54502EF}.Debug|Any CPU.Build.0 = Debug|Any CPU
		{5784587B-6916-40F0-A3E2-808EA54502EF}.Debug|x64.ActiveCfg = Debug|Any CPU
		{5784587B-6916-40F0-A3E2-808EA54502EF}.Debug|x64.Build.0 = Debug|Any CPU
		{5784587B-6916-40F0-A3E2-808EA54502EF}.Debug|x86.ActiveCfg = Debug|Any CPU
		{5784587B-6916-40F0-A3E2-808EA54502EF}.Debug|x86.Build.0 = Debug|Any CPU
		{5784587B-6916-40F0-A3E2-808EA54502EF}.Release|Any CPU.ActiveCfg = Release|Any CPU
		{5784587B-6916-40F0-A3E2-808EA54502EF}.Release|Any CPU.Build.0 = Release|Any CPU
		{5784587B-6916-40F0-A3E2-808EA54502EF}.Release|x64.ActiveCfg = Release|Any CPU
		{5784587B-6916-40F0-A3E2-808EA54502EF}.Release|x64.Build.0 = Release|Any CPU
		{5784587B-6916-40F0-A3E2-808EA54502EF}.Release|x86.ActiveCfg = Release|Any CPU
		{5784587B-6916-40F0-A3E2-808EA54502EF}.Release|x86.Build.0 = Release|Any CPU
		{D68E05BB-9F8C-4C5A-8EB4-F9B988C16AEE}.Debug|Any CPU.ActiveCfg = Debug|Any CPU
		{D68E05BB-9F8C-4C5A-8EB4-F9B988C16AEE}.Debug|Any CPU.Build.0 = Debug|Any CPU
		{D68E05BB-9F8C-4C5A-8EB4-F9B988C16AEE}.Debug|x64.ActiveCfg = Debug|Any CPU
		{D68E05BB-9F8C-4C5A-8EB4-F9B988C16AEE}.Debug|x64.Build.0 = Debug|Any CPU
		{D68E05BB-9F8C-4C5A-8EB4-F9B988C16AEE}.Debug|x86.ActiveCfg = Debug|Any CPU
		{D68E05BB-9F8C-4C5A-8EB4-F9B988C16AEE}.Debug|x86.Build.0 = Debug|Any CPU
		{D68E05BB-9F8C-4C5A-8EB4-F9B988C16AEE}.Release|Any CPU.ActiveCfg = Release|Any CPU
		{D68E05BB-9F8C-4C5A-8EB4-F9B988C16AEE}.Release|Any CPU.Build.0 = Release|Any CPU
		{D68E05BB-9F8C-4C5A-8EB4-F9B988C16AEE}.Release|x64.ActiveCfg = Release|Any CPU
		{D68E05BB-9F8C-4C5A-8EB4-F9B988C16AEE}.Release|x64.Build.0 = Release|Any CPU
		{D68E05BB-9F8C-4C5A-8EB4-F9B988C16AEE}.Release|x86.ActiveCfg = Release|Any CPU
		{D68E05BB-9F8C-4C5A-8EB4-F9B988C16AEE}.Release|x86.Build.0 = Release|Any CPU
		{FF0B23A6-5088-41FE-8043-950125EFA92D}.Debug|Any CPU.ActiveCfg = Debug|Any CPU
		{FF0B23A6-5088-41FE-8043-950125EFA92D}.Debug|Any CPU.Build.0 = Debug|Any CPU
		{FF0B23A6-5088-41FE-8043-950125EFA92D}.Debug|x64.ActiveCfg = Debug|Any CPU
		{FF0B23A6-5088-41FE-8043-950125EFA92D}.Debug|x64.Build.0 = Debug|Any CPU
		{FF0B23A6-5088-41FE-8043-950125EFA92D}.Debug|x86.ActiveCfg = Debug|Any CPU
		{FF0B23A6-5088-41FE-8043-950125EFA92D}.Debug|x86.Build.0 = Debug|Any CPU
		{FF0B23A6-5088-41FE-8043-950125EFA92D}.Release|Any CPU.ActiveCfg = Release|Any CPU
		{FF0B23A6-5088-41FE-8043-950125EFA92D}.Release|Any CPU.Build.0 = Release|Any CPU
		{FF0B23A6-5088-41FE-8043-950125EFA92D}.Release|x64.ActiveCfg = Release|Any CPU
		{FF0B23A6-5088-41FE-8043-950125EFA92D}.Release|x64.Build.0 = Release|Any CPU
		{FF0B23A6-5088-41FE-8043-950125EFA92D}.Release|x86.ActiveCfg = Release|Any CPU
		{FF0B23A6-5088-41FE-8043-950125EFA92D}.Release|x86.Build.0 = Release|Any CPU
		{CCE9AF13-F029-484F-8FCF-B7F4CDA480A1}.Debug|Any CPU.ActiveCfg = Debug|Any CPU
		{CCE9AF13-F029-484F-8FCF-B7F4CDA480A1}.Debug|Any CPU.Build.0 = Debug|Any CPU
		{CCE9AF13-F029-484F-8FCF-B7F4CDA480A1}.Debug|x64.ActiveCfg = Debug|Any CPU
		{CCE9AF13-F029-484F-8FCF-B7F4CDA480A1}.Debug|x64.Build.0 = Debug|Any CPU
		{CCE9AF13-F029-484F-8FCF-B7F4CDA480A1}.Debug|x86.ActiveCfg = Debug|Any CPU
		{CCE9AF13-F029-484F-8FCF-B7F4CDA480A1}.Debug|x86.Build.0 = Debug|Any CPU
		{CCE9AF13-F029-484F-8FCF-B7F4CDA480A1}.Release|Any CPU.ActiveCfg = Release|Any CPU
		{CCE9AF13-F029-484F-8FCF-B7F4CDA480A1}.Release|Any CPU.Build.0 = Release|Any CPU
		{CCE9AF13-F029-484F-8FCF-B7F4CDA480A1}.Release|x64.ActiveCfg = Release|Any CPU
		{CCE9AF13-F029-484F-8FCF-B7F4CDA480A1}.Release|x64.Build.0 = Release|Any CPU
		{CCE9AF13-F029-484F-8FCF-B7F4CDA480A1}.Release|x86.ActiveCfg = Release|Any CPU
		{CCE9AF13-F029-484F-8FCF-B7F4CDA480A1}.Release|x86.Build.0 = Release|Any CPU
	EndGlobalSection
	GlobalSection(NestedProjects) = preSolution
		{BD822973-5C01-4F28-9479-FF4CC18693FD} = {88663BB5-8BCF-4145-AF47-2E34CEB5C45D}
		{F460AE54-66C1-44AD-9CC6-934BCAC0B99C} = {BD822973-5C01-4F28-9479-FF4CC18693FD}
		{19AE336A-509E-4765-ACD7-9D1786907845} = {F460AE54-66C1-44AD-9CC6-934BCAC0B99C}
		{93D0A530-5365-43BC-9BD6-309D2FE4DBD9} = {F460AE54-66C1-44AD-9CC6-934BCAC0B99C}
		{5EBFB39D-D691-4D32-B69E-9059EA25B0FE} = {F460AE54-66C1-44AD-9CC6-934BCAC0B99C}
		{7FC87B7D-700B-4B79-A02B-A24C76307A57} = {F460AE54-66C1-44AD-9CC6-934BCAC0B99C}
		{19537369-7B4F-4C83-9323-A3F73B0865E3} = {4B8C357F-72E4-40D1-A886-36D75E358155}
		{7A18EDC7-FC75-4740-8DB4-D259EBD55C0D} = {19537369-7B4F-4C83-9323-A3F73B0865E3}
		{2E127D57-64BD-450C-8440-5F5290B34A20} = {7A18EDC7-FC75-4740-8DB4-D259EBD55C0D}
		{C2B25175-DECA-45E0-B98C-E11EB133F08C} = {7A18EDC7-FC75-4740-8DB4-D259EBD55C0D}
		{83DDE9AB-CE3D-4D57-B970-E3CE79854014} = {7A18EDC7-FC75-4740-8DB4-D259EBD55C0D}
		{417F1FB0-47E9-4BA3-B77B-5B3134329144} = {7A18EDC7-FC75-4740-8DB4-D259EBD55C0D}
		{BD23608B-70A4-4829-8F73-FE6BA7CF7E45} = {5A1D6E99-96CD-4C0B-8876-E0D563506F65}
		{4A01ED36-AE1E-4E55-9C49-4FF7FD8E954F} = {BD23608B-70A4-4829-8F73-FE6BA7CF7E45}
		{CF7AB70D-C786-4827-BED8-04003675F285} = {4A01ED36-AE1E-4E55-9C49-4FF7FD8E954F}
		{D2E3CD4A-E51F-4B20-ABF2-99C6ABE7E1EC} = {4A01ED36-AE1E-4E55-9C49-4FF7FD8E954F}
		{391D1847-6073-4292-B6A6-050DD29E79DF} = {4A01ED36-AE1E-4E55-9C49-4FF7FD8E954F}
		{527F9262-3524-42C6-B737-B52E7E196166} = {7C0926A3-A971-4970-AEBF-EEC2D990916A}
		{5B1F8D38-8996-4FE3-AA2B-C0C177F524BA} = {527F9262-3524-42C6-B737-B52E7E196166}
		{38D09ADD-5A9B-4969-922A-3E3E7255EB7C} = {5B1F8D38-8996-4FE3-AA2B-C0C177F524BA}
		{366DDEC2-C553-4BA8-84DB-B01E2C6A8A60} = {5B1F8D38-8996-4FE3-AA2B-C0C177F524BA}
		{0453C9A9-7756-4383-BBDA-DA4D4C7586FE} = {5B1F8D38-8996-4FE3-AA2B-C0C177F524BA}
		{0848A2AF-0A37-4C80-8D51-89B60F57D6F0} = {5B1F8D38-8996-4FE3-AA2B-C0C177F524BA}
		{4629F1C6-29F5-4E4F-954D-00612B74DB06} = {C86E08BE-B513-4566-913D-2BCB2C466811}
		{76170813-BD56-4867-9569-7DCB60094867} = {4629F1C6-29F5-4E4F-954D-00612B74DB06}
		{5ABAC7A8-5A8B-4289-A526-B86BA08827CB} = {4629F1C6-29F5-4E4F-954D-00612B74DB06}
		{7AECC0EA-2AB8-41DF-87DC-34F9250ACDCC} = {4629F1C6-29F5-4E4F-954D-00612B74DB06}
		{70719E21-E273-411D-AFFE-ECECCB7ACDDC} = {D9563951-A7D3-4F66-8F5A-C3C4E82EDE37}
		{09BFB17C-16AF-4C04-9D53-0B3DFC91CBE0} = {70719E21-E273-411D-AFFE-ECECCB7ACDDC}
		{BDD407B3-7D3A-4230-A52E-873BE8AB2E2C} = {09BFB17C-16AF-4C04-9D53-0B3DFC91CBE0}
		{5784587B-6916-40F0-A3E2-808EA54502EF} = {09BFB17C-16AF-4C04-9D53-0B3DFC91CBE0}
		{D68E05BB-9F8C-4C5A-8EB4-F9B988C16AEE} = {09BFB17C-16AF-4C04-9D53-0B3DFC91CBE0}
		{A9C8EE4D-681E-4838-89BB-CC18A2BBFC44} = {BD59E48D-B654-4148-9851-F190E620CB9D}
		{423633BE-5B02-476F-B5A9-7AD4B3A0F05E} = {A9C8EE4D-681E-4838-89BB-CC18A2BBFC44}
		{FF0B23A6-5088-41FE-8043-950125EFA92D} = {423633BE-5B02-476F-B5A9-7AD4B3A0F05E}
		{CCE9AF13-F029-484F-8FCF-B7F4CDA480A1} = {423633BE-5B02-476F-B5A9-7AD4B3A0F05E}
	EndGlobalSection
EndGlobal
