
Microsoft Visual Studio Solution File, Format Version 12.00
# Visual Studio 15
VisualStudioVersion = 15.0.26124.0
MinimumVisualStudioVersion = 15.0.26124.0
Project("{FAE04EC0-301F-11D3-BF4B-00C04F79EFBC}") = "ContentReactor.Common", "ContentReactor.Common\ContentReactor.Common.csproj", "{8B0442C7-8D1B-4A3B-AC93-0CAA827E12FB}"
EndProject
Project("{FAE04EC0-301F-11D3-BF4B-00C04F79EFBC}") = "ContentReactor.Common.Tests", "ContentReactor.Common.Tests\ContentReactor.Common.Tests.csproj", "{3C103CF0-D107-43E5-BD99-10FD610EC0AD}"
EndProject
Project("{FAE04EC0-301F-11D3-BF4B-00C04F79EFBC}") = "ContentReactor.Common.Fakes", "ContentReactor.Common.Fakes\ContentReactor.Common.Fakes.csproj", "{EA45DA4D-80BA-4998-BB6A-7F11F7C4A941}"
EndProject
Global
	GlobalSection(SolutionConfigurationPlatforms) = preSolution
		Debug|Any CPU = Debug|Any CPU
		Debug|x64 = Debug|x64
		Debug|x86 = Debug|x86
		Release|Any CPU = Release|Any CPU
		Release|x64 = Release|x64
		Release|x86 = Release|x86
	EndGlobalSection
	GlobalSection(SolutionProperties) = preSolution
		HideSolutionNode = FALSE
	EndGlobalSection
	GlobalSection(ProjectConfigurationPlatforms) = postSolution
		{8B0442C7-8D1B-4A3B-AC93-0CAA827E12FB}.Debug|Any CPU.ActiveCfg = Debug|Any CPU
		{8B0442C7-8D1B-4A3B-AC93-0CAA827E12FB}.Debug|Any CPU.Build.0 = Debug|Any CPU
		{8B0442C7-8D1B-4A3B-AC93-0CAA827E12FB}.Debug|x64.ActiveCfg = Debug|Any CPU
		{8B0442C7-8D1B-4A3B-AC93-0CAA827E12FB}.Debug|x64.Build.0 = Debug|Any CPU
		{8B0442C7-8D1B-4A3B-AC93-0CAA827E12FB}.Debug|x86.ActiveCfg = Debug|Any CPU
		{8B0442C7-8D1B-4A3B-AC93-0CAA827E12FB}.Debug|x86.Build.0 = Debug|Any CPU
		{8B0442C7-8D1B-4A3B-AC93-0CAA827E12FB}.Release|Any CPU.ActiveCfg = Release|Any CPU
		{8B0442C7-8D1B-4A3B-AC93-0CAA827E12FB}.Release|Any CPU.Build.0 = Release|Any CPU
		{8B0442C7-8D1B-4A3B-AC93-0CAA827E12FB}.Release|x64.ActiveCfg = Release|Any CPU
		{8B0442C7-8D1B-4A3B-AC93-0CAA827E12FB}.Release|x64.Build.0 = Release|Any CPU
		{8B0442C7-8D1B-4A3B-AC93-0CAA827E12FB}.Release|x86.ActiveCfg = Release|Any CPU
		{8B0442C7-8D1B-4A3B-AC93-0CAA827E12FB}.Release|x86.Build.0 = Release|Any CPU
		{3C103CF0-D107-43E5-BD99-10FD610EC0AD}.Debug|Any CPU.ActiveCfg = Debug|Any CPU
		{3C103CF0-D107-43E5-BD99-10FD610EC0AD}.Debug|Any CPU.Build.0 = Debug|Any CPU
		{3C103CF0-D107-43E5-BD99-10FD610EC0AD}.Debug|x64.ActiveCfg = Debug|Any CPU
		{3C103CF0-D107-43E5-BD99-10FD610EC0AD}.Debug|x64.Build.0 = Debug|Any CPU
		{3C103CF0-D107-43E5-BD99-10FD610EC0AD}.Debug|x86.ActiveCfg = Debug|Any CPU
		{3C103CF0-D107-43E5-BD99-10FD610EC0AD}.Debug|x86.Build.0 = Debug|Any CPU
		{3C103CF0-D107-43E5-BD99-10FD610EC0AD}.Release|Any CPU.ActiveCfg = Release|Any CPU
		{3C103CF0-D107-43E5-BD99-10FD610EC0AD}.Release|Any CPU.Build.0 = Release|Any CPU
		{3C103CF0-D107-43E5-BD99-10FD610EC0AD}.Release|x64.ActiveCfg = Release|Any CPU
		{3C103CF0-D107-43E5-BD99-10FD610EC0AD}.Release|x64.Build.0 = Release|Any CPU
		{3C103CF0-D107-43E5-BD99-10FD610EC0AD}.Release|x86.ActiveCfg = Release|Any CPU
		{3C103CF0-D107-43E5-BD99-10FD610EC0AD}.Release|x86.Build.0 = Release|Any CPU
		{EA45DA4D-80BA-4998-BB6A-7F11F7C4A941}.Debug|Any CPU.ActiveCfg = Debug|Any CPU
		{EA45DA4D-80BA-4998-BB6A-7F11F7C4A941}.Debug|Any CPU.Build.0 = Debug|Any CPU
		{EA45DA4D-80BA-4998-BB6A-7F11F7C4A941}.Debug|x64.ActiveCfg = Debug|Any CPU
		{EA45DA4D-80BA-4998-BB6A-7F11F7C4A941}.Debug|x64.Build.0 = Debug|Any CPU
		{EA45DA4D-80BA-4998-BB6A-7F11F7C4A941}.Debug|x86.ActiveCfg = Debug|Any CPU
		{EA45DA4D-80BA-4998-BB6A-7F11F7C4A941}.Debug|x86.Build.0 = Debug|Any CPU
		{EA45DA4D-80BA-4998-BB6A-7F11F7C4A941}.Release|Any CPU.ActiveCfg = Release|Any CPU
		{EA45DA4D-80BA-4998-BB6A-7F11F7C4A941}.Release|Any CPU.Build.0 = Release|Any CPU
		{EA45DA4D-80BA-4998-BB6A-7F11F7C4A941}.Release|x64.ActiveCfg = Release|Any CPU
		{EA45DA4D-80BA-4998-BB6A-7F11F7C4A941}.Release|x64.Build.0 = Release|Any CPU
		{EA45DA4D-80BA-4998-BB6A-7F11F7C4A941}.Release|x86.ActiveCfg = Release|Any CPU
		{EA45DA4D-80BA-4998-BB6A-7F11F7C4A941}.Release|x86.Build.0 = Release|Any CPU
	EndGlobalSection
EndGlobal
